
Microsoft Visual Studio Solution File, Format Version 12.00
# Visual Studio Version 17
VisualStudioVersion = 17.4.33213.308
MinimumVisualStudioVersion = 10.0.40219.1
Project("{FAE04EC0-301F-11D3-BF4B-00C04F79EFBC}") = "cLittleGame", "cLittleGame\cLittleGame.csproj", "{B248CF80-C26B-4078-BBE0-572346C737BC}"
EndProject
Global
	GlobalSection(SolutionConfigurationPlatforms) = preSolution
		Debug|Any CPU = Debug|Any CPU
		Release|Any CPU = Release|Any CPU
	EndGlobalSection
	GlobalSection(ProjectConfigurationPlatforms) = postSolution
		{B248CF80-C26B-4078-BBE0-572346C737BC}.Debug|Any CPU.ActiveCfg = Debug|Any CPU
		{B248CF80-C26B-4078-BBE0-572346C737BC}.Debug|Any CPU.Build.0 = Debug|Any CPU
		{B248CF80-C26B-4078-BBE0-572346C737BC}.Release|Any CPU.ActiveCfg = Release|Any CPU
		{B248CF80-C26B-4078-BBE0-572346C737BC}.Release|Any CPU.Build.0 = Release|Any CPU
	EndGlobalSection
	GlobalSection(SolutionProperties) = preSolution
		HideSolutionNode = FALSE
	EndGlobalSection
	GlobalSection(ExtensibilityGlobals) = postSolution
		SolutionGuid = {2B4DEB08-7C6B-46EA-9BCB-279CC6FDD6FD}
	EndGlobalSection
EndGlobal
